version = 1
revision = 2
requires-python = ">=3.11"

[[package]]
name = "confluent-kafka"
version = "2.13.0"
source = { registry = "https://pypi.tuna.tsinghua.edu.cn/simple" }
sdist = { url = "https://pypi.tuna.tsinghua.edu.cn/packages/b4/d0/1f5055331fa660225de6829b143e6f083913f0a96481134a91390bad62c1/confluent_kafka-2.13.0.tar.gz", hash = "sha256:eff7a4391a9e6d4a33f0c05d0935b200a7463834f1f5d6e6253be318f910babd", size = 273621, upload-time = "2026-01-05T10:25:08.078Z" }
wheels = [
    { url = "https://pypi.tuna.tsinghua.edu.cn/packages/94/57/a90b9042a06bfbb8cc1e50142b8bcea29fde57a528dc10b188835e7c5c53/confluent_kafka-2.13.0-cp311-cp311-macosx_10_9_x86_64.whl", hash = "sha256:af19d6a2ab49f02cf699bc1dfb6f4bdcc3588e077c7b5319d73335b81fef93fd", size = 3625719, upload-time = "2026-01-05T10:23:36.469Z" },
    { url = "https://pypi.tuna.tsinghua.edu.cn/packages/5a/ee/d0839c64de344de247d80b6f69a2d7f5d781bb55bdd1e98793549780a34d/confluent_kafka-2.13.0-cp311-cp311-macosx_11_0_arm64.whl", hash = "sha256:a406800c29e568e61ab687540391ac8eab210b79d24d7eb41b75b6117882e269", size = 3186456, upload-time = "2026-01-05T10:23:38.742Z" },
    { url = "https://pypi.tuna.tsinghua.edu.cn/packages/2b/e7/6224ab1c5dad5d70717f3e018f1d676be1d54ce3ea08b04b1d19e94484dc/confluent_kafka-2.13.0-cp311-cp311-manylinux_2_28_aarch64.whl", hash = "sha256:9bc38055f5a26bec15ca81b0465f90cb2663a31c19948d6421dc02090b4cbd4a", size = 3715598, upload-time = "2026-01-05T10:23:41.018Z" },
    { url = "https://pypi.tuna.tsinghua.edu.cn/packages/64/88/a7a7ee4fdcca5340809482e6565cd3270fe82afd029a14cf921b51eef152/confluent_kafka-2.13.0-cp311-cp311-manylinux_2_28_x86_64.whl", hash = "sha256:7080a20f64293b1f81747748e6bda0d1e9a9d5d5f94cd1b0c625cfdf819f491f", size = 3972822, upload-time = "2026-01-05T10:23:44.029Z" },
    { url = "https://pypi.tuna.tsinghua.edu.cn/packages/5f/46/2879be2a40b9b44a527a16c117c6a5f380fdd10d6735b43bce6fab6102d7/confluent_kafka-2.13.0-cp311-cp311-win_amd64.whl", hash = "sha256:39fdfd4fa6371ebabf9e7be858ae68d4fa9a9fd72fd5fc3d739fdaa99997fd9a", size = 4093320, upload-time = "2026-01-05T10:23:46.347Z" },
    { url = "https://pypi.tuna.tsinghua.edu.cn/packages/e9/cc/6bf9e5b3ee4bfdb39d3fcc7efabc9f577aa51e9e20139adc8d10e61593a5/confluent_kafka-2.13.0-cp312-cp312-macosx_10_9_x86_64.whl", hash = "sha256:a69263f22a8c53c7d55067e7795ed49d22c374b9473df91982816a0448e6d242", size = 3631367, upload-time = "2026-01-05T10:23:48.076Z" },
    { url = "https://pypi.tuna.tsinghua.edu.cn/packages/10/3d/c299df69885be6fdfc8b105b8106b2b4c73c745fa608cf579eb7e14a3da9/confluent_kafka-2.13.0-cp312-cp312-macosx_11_0_arm64.whl", hash = "sha256:0945c7f529e66a18aa19135aa18bfdc239ca6c0f6df6ca9b05a793d9b76c1c4b", size = 3191073, upload-time = "2026-01-05T10:23:49.967Z" },
    { url = "https://pypi.tuna.tsinghua.edu.cn/packages/82/2e/854aedcd9c9042491c1fcafaadc03a3b0e357ddc23044781d02920b46ea2/confluent_kafka-2.13.0-cp312-cp312-manylinux_2_28_aarch64.whl", hash = "sha256:321037a64c02acb13b5bde193b461c0514dca236a9f5236c847a3240313c297f", size = 3720530, upload-time = "2026-01-05T10:23:51.957Z" },
    { url = "https://pypi.tuna.tsinghua.edu.cn/packages/1d/4a/210f0e1f8e77956ed1296c8b9bac2093413c1669ea0e923f590f2827aa1a/confluent_kafka-2.13.0-cp312-cp312-manylinux_2_28_x86_64.whl", hash = "sha256:d7a71ca8fd42d3eefa22eb202e7fc8a419e0fd4e3b59862918c21f4d1074f0c5", size = 3977296, upload-time = "2026-01-05T10:23:56.743Z" },
    { url = "https://pypi.tuna.tsinghua.edu.cn/packages/b0/bc/d51f48200bb7bec521289c0b70691ea73f91aa76529b1bff807bcbf89b12/confluent_kafka-2.13.0-cp312-cp312-win_amd64.whl", hash = "sha256:37dddb1b92829b8862bc4fbce07789a79b73aa31eca413f3db187721a09975ff", size = 4093802, upload-time = "2026-01-05T10:23:58.703Z" },
    { url = "https://pypi.tuna.tsinghua.edu.cn/packages/77/bd/c2ab440b4c4847a37b21e9623bbeaf17982ca45595ad62b8435a26d680f7/confluent_kafka-2.13.0-cp313-cp313-macosx_13_0_arm64.whl", hash = "sha256:0af90b3c566786017a01693da0ec4a876ca14cf37bc6164872652a6cf2702453", size = 3195849, upload-time = "2026-01-05T10:24:00.854Z" },
    { url = "https://pypi.tuna.tsinghua.edu.cn/packages/6a/40/a25a5895cf522bada81fc7ba6c0ad29219843206ede4e8d2138b7b095652/confluent_kafka-2.13.0-cp313-cp313-macosx_13_0_x86_64.whl", hash = "sha256:f25d05604dd92e9de72707582dded53aeb4737ef2e2c097a3ca08650200fc446", size = 3634806, upload-time = "2026-01-05T10:24:05.496Z" },
    { url = "https://pypi.tuna.tsinghua.edu.cn/packages/fd/46/db30d27184ac8fb673ca469d576ef582def0b613a69456631734f7a5e267/confluent_kafka-2.13.0-cp313-cp313-manylinux_2_28_aarch64.whl", hash = "sha256:74ddf5ec7fa6058221a619c850f44bdbe8d969d7ed6efe8abdc857d2e233df20", size = 3720848, upload-time = "2026-01-05T10:24:07.831Z" },
    { url = "https://pypi.tuna.tsinghua.edu.cn/packages/fc/f8/5b940a080ab71fc3c585839eae0c26341a749a7ebc001fca0276aff9df40/confluent_kafka-2.13.0-cp313-cp313-manylinux_2_28_x86_64.whl", hash = "sha256:f8d1d00397f3f32a1bcf4604d4164bf75838bd009e1e28282a7ae25e16814ea4", size = 3977677, upload-time = "2026-01-05T10:24:09.988Z" },
    { url = "https://pypi.tuna.tsinghua.edu.cn/packages/e1/cf/f9f979c08cfe1b8fd9203b329fc5c8c410e948f01272434bc1ce0c6334a5/confluent_kafka-2.13.0-cp313-cp313-win_amd64.whl", hash = "sha256:9d1fd035e2c47c4db5fe9b0f59a28fe2f2f1012887290dd0ea7d46741f686e99", size = 4153481, upload-time = "2026-01-05T10:24:12.167Z" },
    { url = "https://pypi.tuna.tsinghua.edu.cn/packages/06/3f/c2120c002f85c5401d8ea29558acf041ad968b33cfca83916a7c0a740d53/confluent_kafka-2.13.0-cp314-cp314-macosx_13_0_arm64.whl", hash = "sha256:d448537147a33dd8c17656732989ddfe1d4a25a40bcb5f59bc63dc0a5041dd83", size = 3195696, upload-time = "2026-01-05T10:24:14.422Z" },
    { url = "https://pypi.tuna.tsinghua.edu.cn/packages/35/b9/da4ef8fca4cbc76b6040a97a92085c09c0f23c42424989a2d68cec42c8d6/confluent_kafka-2.13.0-cp314-cp314-macosx_13_0_x86_64.whl", hash = "sha256:1325585f9fc283c32c30df4226178dc89cf43d00f5c240e1f77ddedc94573690", size = 3634632, upload-time = "2026-01-05T10:24:16.575Z" },
    { url = "https://pypi.tuna.tsinghua.edu.cn/packages/09/ed/c7d5cc3c57aec126ffb12ffa5f4584acd264446a4117db3ad2dd69e47afe/confluent_kafka-2.13.0-cp314-cp314-manylinux_2_28_aarch64.whl", hash = "sha256:266bbea18ce99f6e77ce0e9a118f353447c8705792ef5745eabcc5c6db08794a", size = 3720650, upload-time = "2026-01-05T10:24:18.657Z" },
    { url = "https://pypi.tuna.tsinghua.edu.cn/packages/c3/2b/0a93b63a46b2ceaac3de92d494e32aab21bec398b40ac89108bbaa6894c3/confluent_kafka-2.13.0-cp314-cp314-manylinux_2_28_x86_64.whl", hash = "sha256:7a373a1a3dd8e02dd218946583e951791480921fd777faeaf601c2834e2a6c0d", size = 3977364, upload-time = "2026-01-05T10:24:23.677Z" },
    { url = "https://pypi.tuna.tsinghua.edu.cn/packages/46/00/80ea6872421c4e30e033e035e5bdcf44c054993d5721623841c59b5f04c1/confluent_kafka-2.13.0-cp314-cp314-win_amd64.whl", hash = "sha256:da956b2141d9f425dbfc3cf1c244ef6d0633b83fc5ceada6f496099258e63a68", size = 4271874, upload-time = "2026-01-05T10:24:26.265Z" },
    { url = "https://pypi.tuna.tsinghua.edu.cn/packages/fc/1a/e6fe016bea63343010f485a1ecebfdc00d9b6e95ef6fe52a1d7793c0339c/confluent_kafka-2.13.0-cp314-cp314t-macosx_13_0_arm64.whl", hash = "sha256:fa354e9fb95e26545decd429477072ea3a98a2e7acac11d09156772e06f14680", size = 3194480, upload-time = "2026-01-05T10:24:28.515Z" },
    { url = "https://pypi.tuna.tsinghua.edu.cn/packages/fb/54/c9668f214f2e736e51e2874053fe1ebcb8784425fefcfd6fd0d384dc5dcf/confluent_kafka-2.13.0-cp314-cp314t-macosx_13_0_x86_64.whl", hash = "sha256:e256dc3a993bf5fde0fa4a1b6a5b72e3521cedbc9dc4d7a65f159afa4b72e5b4", size = 3632866, upload-time = "2026-01-05T10:24:30.689Z" },
    { url = "https://pypi.tuna.tsinghua.edu.cn/packages/13/f5/83e989962077003d91ba249158c7a1e21696604c301b3680fcbb427005d0/confluent_kafka-2.13.0-cp314-cp314t-manylinux_2_28_aarch64.whl", hash = "sha256:eb7988038b7f13ea490af93b9165ed40a3f385fb91e99ce8dacee8890e36e48a", size = 3718956, upload-time = "2026-01-05T10:24:33.035Z" },
    { url = "https://pypi.tuna.tsinghua.edu.cn/packages/b8/84/1aaa5cfe1695f02d11e02ef39f180567780348b1f3e1161575f002a207fe/confluent_kafka-2.13.0-cp314-cp314t-manylinux_2_28_x86_64.whl", hash = "sha256:cfd8f011b0b0a109f8747312dba6cee45b39fb53fc7d53f28813bce84a91228d", size = 3976235, upload-time = "2026-01-05T10:24:35.122Z" },
]

[[package]]
name = "eventflow"
version = "0.1.0"
source = { virtual = "." }
dependencies = [
    { name = "confluent-kafka" },
    { name = "mmh3" },
]

[package.metadata]
requires-dist = [
    { name = "confluent-kafka", specifier = "==2.13.0" },
    { name = "mmh3", specifier = "==5.2.0" },
]

[[package]]
name = "mmh3"
version = "5.2.0"
source = { registry = "https://pypi.tuna.tsinghua.edu.cn/simple" }
sdist = { url = "https://pypi.tuna.tsinghua.edu.cn/packages/a7/af/f28c2c2f51f31abb4725f9a64bc7863d5f491f6539bd26aee2a1d21a649e/mmh3-5.2.0.tar.gz", hash = "sha256:1efc8fec8478e9243a78bb993422cf79f8ff85cb4cf6b79647480a31e0d950a8", size = 33582, upload-time = "2025-07-29T07:43:48.49Z" }
wheels = [
    { url = "https://pypi.tuna.tsinghua.edu.cn/packages/f7/87/399567b3796e134352e11a8b973cd470c06b2ecfad5468fe580833be442b/mmh3-5.2.0-cp311-cp311-macosx_10_9_universal2.whl", hash = "sha256:7901c893e704ee3c65f92d39b951f8f34ccf8e8566768c58103fb10e55afb8c1", size = 56107, upload-time = "2025-07-29T07:41:57.07Z" },
    { url = "https://pypi.tuna.tsinghua.edu.cn/packages/c3/09/830af30adf8678955b247d97d3d9543dd2fd95684f3cd41c0cd9d291da9f/mmh3-5.2.0-cp311-cp311-macosx_10_9_x86_64.whl", hash = "sha256:4a5f5536b1cbfa72318ab3bfc8a8188b949260baed186b75f0abc75b95d8c051", size = 40635, upload-time = "2025-07-29T07:41:57.903Z" },
    { url = "https://pypi.tuna.tsinghua.edu.cn/packages/07/14/eaba79eef55b40d653321765ac5e8f6c9ac38780b8a7c2a2f8df8ee0fb72/mmh3-5.2.0-cp311-cp311-macosx_11_0_arm64.whl", hash = "sha256:cedac4f4054b8f7859e5aed41aaa31ad03fce6851901a7fdc2af0275ac533c10", size = 40078, upload-time = "2025-07-29T07:41:58.772Z" },
    { url = "https://pypi.tuna.tsinghua.edu.cn/packages/bb/26/83a0f852e763f81b2265d446b13ed6d49ee49e1fc0c47b9655977e6f3d81/mmh3-5.2.0-cp311-cp311-manylinux1_i686.manylinux_2_28_i686.manylinux_2_5_i686.whl", hash = "sha256:eb756caf8975882630ce4e9fbbeb9d3401242a72528230422c9ab3a0d278e60c", size = 97262, upload-time = "2025-07-29T07:41:59.678Z" },
    { url = "https://pypi.tuna.tsinghua.edu.cn/packages/00/7d/b7133b10d12239aeaebf6878d7eaf0bf7d3738c44b4aba3c564588f6d802/mmh3-5.2.0-cp311-cp311-manylinux1_x86_64.manylinux_2_28_x86_64.manylinux_2_5_x86_64.whl", hash = "sha256:097e13c8b8a66c5753c6968b7640faefe85d8e38992703c1f666eda6ef4c3762", size = 103118, upload-time = "2025-07-29T07:42:01.197Z" },
    { url = "https://pypi.tuna.tsinghua.edu.cn/packages/7b/3e/62f0b5dce2e22fd5b7d092aba285abd7959ea2b17148641e029f2eab1ffa/mmh3-5.2.0-cp311-cp311-manylinux2014_aarch64.manylinux_2_17_aarch64.manylinux_2_28_aarch64.whl", hash = "sha256:a7c0c7845566b9686480e6a7e9044db4afb60038d5fabd19227443f0104eeee4", size = 106072, upload-time = "2025-07-29T07:42:02.601Z" },
    { url = "https://pypi.tuna.tsinghua.edu.cn/packages/66/84/ea88bb816edfe65052c757a1c3408d65c4201ddbd769d4a287b0f1a628b2/mmh3-5.2.0-cp311-cp311-manylinux2014_ppc64le.manylinux_2_17_ppc64le.manylinux_2_28_ppc64le.whl", hash = "sha256:61ac226af521a572700f863d6ecddc6ece97220ce7174e311948ff8c8919a363", size = 112925, upload-time = "2025-07-29T07:42:03.632Z" },
    { url = "https://pypi.tuna.tsinghua.edu.cn/packages/2e/13/c9b1c022807db575fe4db806f442d5b5784547e2e82cff36133e58ea31c7/mmh3-5.2.0-cp311-cp311-manylinux2014_s390x.manylinux_2_17_s390x.manylinux_2_28_s390x.whl", hash = "sha256:582f9dbeefe15c32a5fa528b79b088b599a1dfe290a4436351c6090f90ddebb8", size = 120583, upload-time = "2025-07-29T07:42:04.991Z" },
    { url = "https://pypi.tuna.tsinghua.edu.cn/packages/8a/5f/0e2dfe1a38f6a78788b7eb2b23432cee24623aeabbc907fed07fc17d6935/mmh3-5.2.0-cp311-cp311-musllinux_1_2_aarch64.whl", hash = "sha256:2ebfc46b39168ab1cd44670a32ea5489bcbc74a25795c61b6d888c5c2cf654ed", size = 99127, upload-time = "2025-07-29T07:42:05.929Z" },
    { url = "https://pypi.tuna.tsinghua.edu.cn/packages/77/27/aefb7d663b67e6a0c4d61a513c83e39ba2237e8e4557fa7122a742a23de5/mmh3-5.2.0-cp311-cp311-musllinux_1_2_i686.whl", hash = "sha256:1556e31e4bd0ac0c17eaf220be17a09c171d7396919c3794274cb3415a9d3646", size = 98544, upload-time = "2025-07-29T07:42:06.87Z" },
    { url = "https://pypi.tuna.tsinghua.edu.cn/packages/ab/97/a21cc9b1a7c6e92205a1b5fa030cdf62277d177570c06a239eca7bd6dd32/mmh3-5.2.0-cp311-cp311-musllinux_1_2_ppc64le.whl", hash = "sha256:81df0dae22cd0da87f1c978602750f33d17fb3d21fb0f326c89dc89834fea79b", size = 106262, upload-time = "2025-07-29T07:42:07.804Z" },
    { url = "https://pypi.tuna.tsinghua.edu.cn/packages/43/18/db19ae82ea63c8922a880e1498a75342311f8aa0c581c4dd07711473b5f7/mmh3-5.2.0-cp311-cp311-musllinux_1_2_s390x.whl", hash = "sha256:eba01ec3bd4a49b9ac5ca2bc6a73ff5f3af53374b8556fcc2966dd2af9eb7779", size = 109824, upload-time = "2025-07-29T07:42:08.735Z" },
    { url = "https://pypi.tuna.tsinghua.edu.cn/packages/9f/f5/41dcf0d1969125fc6f61d8618b107c79130b5af50b18a4651210ea52ab40/mmh3-5.2.0-cp311-cp311-musllinux_1_2_x86_64.whl", hash = "sha256:e9a011469b47b752e7d20de296bb34591cdfcbe76c99c2e863ceaa2aa61113d2", size = 97255, upload-time = "2025-07-29T07:42:09.706Z" },
    { url = "https://pypi.tuna.tsinghua.edu.cn/packages/32/b3/cce9eaa0efac1f0e735bb178ef9d1d2887b4927fe0ec16609d5acd492dda/mmh3-5.2.0-cp311-cp311-win32.whl", hash = "sha256:bc44fc2b886243d7c0d8daeb37864e16f232e5b56aaec27cc781d848264cfd28", size = 40779, upload-time = "2025-07-29T07:42:10.546Z" },
    { url = "https://pypi.tuna.tsinghua.edu.cn/packages/7c/e9/3fa0290122e6d5a7041b50ae500b8a9f4932478a51e48f209a3879fe0b9b/mmh3-5.2.0-cp311-cp311-win_amd64.whl", hash = "sha256:8ebf241072cf2777a492d0e09252f8cc2b3edd07dfdb9404b9757bffeb4f2cee", size = 41549, upload-time = "2025-07-29T07:42:11.399Z" },
    { url = "https://pypi.tuna.tsinghua.edu.cn/packages/3a/54/c277475b4102588e6f06b2e9095ee758dfe31a149312cdbf62d39a9f5c30/mmh3-5.2.0-cp311-cp311-win_arm64.whl", hash = "sha256:b5f317a727bba0e633a12e71228bc6a4acb4f471a98b1c003163b917311ea9a9", size = 39336, upload-time = "2025-07-29T07:42:12.209Z" },
    { url = "https://pypi.tuna.tsinghua.edu.cn/packages/bf/6a/d5aa7edb5c08e0bd24286c7d08341a0446f9a2fbbb97d96a8a6dd81935ee/mmh3-5.2.0-cp312-cp312-macosx_10_13_universal2.whl", hash = "sha256:384eda9361a7bf83a85e09447e1feafe081034af9dd428893701b959230d84be", size = 56141, upload-time = "2025-07-29T07:42:13.456Z" },
    { url = "https://pypi.tuna.tsinghua.edu.cn/packages/08/49/131d0fae6447bc4a7299ebdb1a6fb9d08c9f8dcf97d75ea93e8152ddf7ab/mmh3-5.2.0-cp312-cp312-macosx_10_13_x86_64.whl", hash = "sha256:2c9da0d568569cc87315cb063486d761e38458b8ad513fedd3dc9263e1b81bcd", size = 40681, upload-time = "2025-07-29T07:42:14.306Z" },
    { url = "https://pypi.tuna.tsinghua.edu.cn/packages/8f/6f/9221445a6bcc962b7f5ff3ba18ad55bba624bacdc7aa3fc0a518db7da8ec/mmh3-5.2.0-cp312-cp312-macosx_11_0_arm64.whl", hash = "sha256:86d1be5d63232e6eb93c50881aea55ff06eb86d8e08f9b5417c8c9b10db9db96", size = 40062, upload-time = "2025-07-29T07:42:15.08Z" },
    { url = "https://pypi.tuna.tsinghua.edu.cn/packages/1e/d4/6bb2d0fef81401e0bb4c297d1eb568b767de4ce6fc00890bc14d7b51ecc4/mmh3-5.2.0-cp312-cp312-manylinux1_i686.manylinux_2_28_i686.manylinux_2_5_i686.whl", hash = "sha256:bf7bee43e17e81671c447e9c83499f53d99bf440bc6d9dc26a841e21acfbe094", size = 97333, upload-time = "2025-07-29T07:42:16.436Z" },
    { url = "https://pypi.tuna.tsinghua.edu.cn/packages/44/e0/ccf0daff8134efbb4fbc10a945ab53302e358c4b016ada9bf97a6bdd50c1/mmh3-5.2.0-cp312-cp312-manylinux1_x86_64.manylinux_2_28_x86_64.manylinux_2_5_x86_64.whl", hash = "sha256:7aa18cdb58983ee660c9c400b46272e14fa253c675ed963d3812487f8ca42037", size = 103310, upload-time = "2025-07-29T07:42:17.796Z" },
    { url = "https://pypi.tuna.tsinghua.edu.cn/packages/02/63/1965cb08a46533faca0e420e06aff8bbaf9690a6f0ac6ae6e5b2e4544687/mmh3-5.2.0-cp312-cp312-manylinux2014_aarch64.manylinux_2_17_aarch64.manylinux_2_28_aarch64.whl", hash = "sha256:ae9d032488fcec32d22be6542d1a836f00247f40f320844dbb361393b5b22773", size = 106178, upload-time = "2025-07-29T07:42:19.281Z" },
    { url = "https://pypi.tuna.tsinghua.edu.cn/packages/c2/41/c883ad8e2c234013f27f92061200afc11554ea55edd1bcf5e1accd803a85/mmh3-5.2.0-cp312-cp312-manylinux2014_ppc64le.manylinux_2_17_ppc64le.manylinux_2_28_ppc64le.whl", hash = "sha256:e1861fb6b1d0453ed7293200139c0a9011eeb1376632e048e3766945b13313c5", size = 113035, upload-time = "2025-07-29T07:42:20.356Z" },
    { url = "https://pypi.tuna.tsinghua.edu.cn/packages/df/b5/1ccade8b1fa625d634a18bab7bf08a87457e09d5ec8cf83ca07cbea9d400/mmh3-5.2.0-cp312-cp312-manylinux2014_s390x.manylinux_2_17_s390x.manylinux_2_28_s390x.whl", hash = "sha256:99bb6a4d809aa4e528ddfe2c85dd5239b78b9dd14be62cca0329db78505e7b50", size = 120784, upload-time = "2025-07-29T07:42:21.377Z" },
    { url = "https://pypi.tuna.tsinghua.edu.cn/packages/77/1c/919d9171fcbdcdab242e06394464ccf546f7d0f3b31e0d1e3a630398782e/mmh3-5.2.0-cp312-cp312-musllinux_1_2_aarch64.whl", hash = "sha256:1f8d8b627799f4e2fcc7c034fed8f5f24dc7724ff52f69838a3d6d15f1ad4765", size = 99137, upload-time = "2025-07-29T07:42:22.344Z" },
    { url = "https://pypi.tuna.tsinghua.edu.cn/packages/66/8a/1eebef5bd6633d36281d9fc83cf2e9ba1ba0e1a77dff92aacab83001cee4/mmh3-5.2.0-cp312-cp312-musllinux_1_2_i686.whl", hash = "sha256:b5995088dd7023d2d9f310a0c67de5a2b2e06a570ecfd00f9ff4ab94a67cde43", size = 98664, upload-time = "2025-07-29T07:42:23.269Z" },
    { url = "https://pypi.tuna.tsinghua.edu.cn/packages/13/41/a5d981563e2ee682b21fb65e29cc0f517a6734a02b581359edd67f9d0360/mmh3-5.2.0-cp312-cp312-musllinux_1_2_ppc64le.whl", hash = "sha256:1a5f4d2e59d6bba8ef01b013c472741835ad961e7c28f50c82b27c57748744a4", size = 106459, upload-time = "2025-07-29T07:42:24.238Z" },
    { url = "https://pypi.tuna.tsinghua.edu.cn/packages/24/31/342494cd6ab792d81e083680875a2c50fa0c5df475ebf0b67784f13e4647/mmh3-5.2.0-cp312-cp312-musllinux_1_2_s390x.whl", hash = "sha256:fd6e6c3d90660d085f7e73710eab6f5545d4854b81b0135a3526e797009dbda3", size = 110038, upload-time = "2025-07-29T07:42:25.629Z" },
    { url = "https://pypi.tuna.tsinghua.edu.cn/packages/28/44/efda282170a46bb4f19c3e2b90536513b1d821c414c28469a227ca5a1789/mmh3-5.2.0-cp312-cp312-musllinux_1_2_x86_64.whl", hash = "sha256:c4a2f3d83879e3de2eb8cbf562e71563a8ed15ee9b9c2e77ca5d9f73072ac15c", size = 97545, upload-time = "2025-07-29T07:42:27.04Z" },
    { url = "https://pypi.tuna.tsinghua.edu.cn/packages/68/8f/534ae319c6e05d714f437e7206f78c17e66daca88164dff70286b0e8ea0c/mmh3-5.2.0-cp312-cp312-win32.whl", hash = "sha256:2421b9d665a0b1ad724ec7332fb5a98d075f50bc51a6ff854f3a1882bd650d49", size = 40805, upload-time = "2025-07-29T07:42:28.032Z" },
    { url = "https://pypi.tuna.tsinghua.edu.cn/packages/b8/f6/f6abdcfefcedab3c964868048cfe472764ed358c2bf6819a70dd4ed4ed3a/mmh3-5.2.0-cp312-cp312-win_amd64.whl", hash = "sha256:72d80005b7634a3a2220f81fbeb94775ebd12794623bb2e1451701ea732b4aa3", size = 41597, upload-time = "2025-07-29T07:42:28.894Z" },
    { url = "https://pypi.tuna.tsinghua.edu.cn/packages/15/fd/f7420e8cbce45c259c770cac5718badf907b302d3a99ec587ba5ce030237/mmh3-5.2.0-cp312-cp312-win_arm64.whl", hash = "sha256:3d6bfd9662a20c054bc216f861fa330c2dac7c81e7fb8307b5e32ab5b9b4d2e0", size = 39350, upload-time = "2025-07-29T07:42:29.794Z" },
    { url = "https://pypi.tuna.tsinghua.edu.cn/packages/d8/fa/27f6ab93995ef6ad9f940e96593c5dd24744d61a7389532b0fec03745607/mmh3-5.2.0-cp313-cp313-android_21_arm64_v8a.whl", hash = "sha256:e79c00eba78f7258e5b354eccd4d7907d60317ced924ea4a5f2e9d83f5453065", size = 40874, upload-time = "2025-07-29T07:42:30.662Z" },
    { url = "https://pypi.tuna.tsinghua.edu.cn/packages/11/9c/03d13bcb6a03438bc8cac3d2e50f80908d159b31a4367c2e1a7a077ded32/mmh3-5.2.0-cp313-cp313-android_21_x86_64.whl", hash = "sha256:956127e663d05edbeec54df38885d943dfa27406594c411139690485128525de", size = 42012, upload-time = "2025-07-29T07:42:31.539Z" },
    { url = "https://pypi.tuna.tsinghua.edu.cn/packages/4e/78/0865d9765408a7d504f1789944e678f74e0888b96a766d578cb80b040999/mmh3-5.2.0-cp313-cp313-ios_13_0_arm64_iphoneos.whl", hash = "sha256:c3dca4cb5b946ee91b3d6bb700d137b1cd85c20827f89fdf9c16258253489044", size = 39197, upload-time = "2025-07-29T07:42:32.374Z" },
    { url = "https://pypi.tuna.tsinghua.edu.cn/packages/3e/12/76c3207bd186f98b908b6706c2317abb73756d23a4e68ea2bc94825b9015/mmh3-5.2.0-cp313-cp313-ios_13_0_arm64_iphonesimulator.whl", hash = "sha256:e651e17bfde5840e9e4174b01e9e080ce49277b70d424308b36a7969d0d1af73", size = 39840, upload-time = "2025-07-29T07:42:33.227Z" },
    { url = "https://pypi.tuna.tsinghua.edu.cn/packages/5d/0d/574b6cce5555c9f2b31ea189ad44986755eb14e8862db28c8b834b8b64dc/mmh3-5.2.0-cp313-cp313-ios_13_0_x86_64_iphonesimulator.whl", hash = "sha256:9f64bf06f4bf623325fda3a6d02d36cd69199b9ace99b04bb2d7fd9f89688504", size = 40644, upload-time = "2025-07-29T07:42:34.099Z" },
    { url = "https://pypi.tuna.tsinghua.edu.cn/packages/52/82/3731f8640b79c46707f53ed72034a58baad400be908c87b0088f1f89f986/mmh3-5.2.0-cp313-cp313-macosx_10_13_universal2.whl", hash = "sha256:ddc63328889bcaee77b743309e5c7d2d52cee0d7d577837c91b6e7cc9e755e0b", size = 56153, upload-time = "2025-07-29T07:42:35.031Z" },
    { url = "https://pypi.tuna.tsinghua.edu.cn/packages/4f/34/e02dca1d4727fd9fdeaff9e2ad6983e1552804ce1d92cc796e5b052159bb/mmh3-5.2.0-cp313-cp313-macosx_10_13_x86_64.whl", hash = "sha256:bb0fdc451fb6d86d81ab8f23d881b8d6e37fc373a2deae1c02d27002d2ad7a05", size = 40684, upload-time = "2025-07-29T07:42:35.914Z" },
    { url = "https://pypi.tuna.tsinghua.edu.cn/packages/8f/36/3dee40767356e104967e6ed6d102ba47b0b1ce2a89432239b95a94de1b89/mmh3-5.2.0-cp313-cp313-macosx_11_0_arm64.whl", hash = "sha256:b29044e1ffdb84fe164d0a7ea05c7316afea93c00f8ed9449cf357c36fc4f814", size = 40057, upload-time = "2025-07-29T07:42:36.755Z" },
    { url = "https://pypi.tuna.tsinghua.edu.cn/packages/31/58/228c402fccf76eb39a0a01b8fc470fecf21965584e66453b477050ee0e99/mmh3-5.2.0-cp313-cp313-manylinux1_i686.manylinux_2_28_i686.manylinux_2_5_i686.whl", hash = "sha256:58981d6ea9646dbbf9e59a30890cbf9f610df0e4a57dbfe09215116fd90b0093", size = 97344, upload-time = "2025-07-29T07:42:37.675Z" },
    { url = "https://pypi.tuna.tsinghua.edu.cn/packages/34/82/fc5ce89006389a6426ef28e326fc065b0fbaaed230373b62d14c889f47ea/mmh3-5.2.0-cp313-cp313-manylinux1_x86_64.manylinux_2_28_x86_64.manylinux_2_5_x86_64.whl", hash = "sha256:7e5634565367b6d98dc4aa2983703526ef556b3688ba3065edb4b9b90ede1c54", size = 103325, upload-time = "2025-07-29T07:42:38.591Z" },
    { url = "https://pypi.tuna.tsinghua.edu.cn/packages/09/8c/261e85777c6aee1ebd53f2f17e210e7481d5b0846cd0b4a5c45f1e3761b8/mmh3-5.2.0-cp313-cp313-manylinux2014_aarch64.manylinux_2_17_aarch64.manylinux_2_28_aarch64.whl", hash = "sha256:b0271ac12415afd3171ab9a3c7cbfc71dee2c68760a7dc9d05bf8ed6ddfa3a7a", size = 106240, upload-time = "2025-07-29T07:42:39.563Z" },
    { url = "https://pypi.tuna.tsinghua.edu.cn/packages/70/73/2f76b3ad8a3d431824e9934403df36c0ddacc7831acf82114bce3c4309c8/mmh3-5.2.0-cp313-cp313-manylinux2014_ppc64le.manylinux_2_17_ppc64le.manylinux_2_28_ppc64le.whl", hash = "sha256:45b590e31bc552c6f8e2150ff1ad0c28dd151e9f87589e7eaf508fbdd8e8e908", size = 113060, upload-time = "2025-07-29T07:42:40.585Z" },
    { url = "https://pypi.tuna.tsinghua.edu.cn/packages/9f/b9/7ea61a34e90e50a79a9d87aa1c0b8139a7eaf4125782b34b7d7383472633/mmh3-5.2.0-cp313-cp313-manylinux2014_s390x.manylinux_2_17_s390x.manylinux_2_28_s390x.whl", hash = "sha256:bdde97310d59604f2a9119322f61b31546748499a21b44f6715e8ced9308a6c5", size = 120781, upload-time = "2025-07-29T07:42:41.618Z" },
    { url = "https://pypi.tuna.tsinghua.edu.cn/packages/0f/5b/ae1a717db98c7894a37aeedbd94b3f99e6472a836488f36b6849d003485b/mmh3-5.2.0-cp313-cp313-musllinux_1_2_aarch64.whl", hash = "sha256:fc9c5f280438cf1c1a8f9abb87dc8ce9630a964120cfb5dd50d1e7ce79690c7a", size = 99174, upload-time = "2025-07-29T07:42:42.587Z" },
    { url = "https://pypi.tuna.tsinghua.edu.cn/packages/e3/de/000cce1d799fceebb6d4487ae29175dd8e81b48e314cba7b4da90bcf55d7/mmh3-5.2.0-cp313-cp313-musllinux_1_2_i686.whl", hash = "sha256:c903e71fd8debb35ad2a4184c1316b3cb22f64ce517b4e6747f25b0a34e41266", size = 98734, upload-time = "2025-07-29T07:42:43.996Z" },
    { url = "https://pypi.tuna.tsinghua.edu.cn/packages/79/19/0dc364391a792b72fbb22becfdeacc5add85cc043cd16986e82152141883/mmh3-5.2.0-cp313-cp313-musllinux_1_2_ppc64le.whl", hash = "sha256:eed4bba7ff8a0d37106ba931ab03bdd3915fbb025bcf4e1f0aa02bc8114960c5", size = 106493, upload-time = "2025-07-29T07:42:45.07Z" },
    { url = "https://pypi.tuna.tsinghua.edu.cn/packages/3c/b1/bc8c28e4d6e807bbb051fefe78e1156d7f104b89948742ad310612ce240d/mmh3-5.2.0-cp313-cp313-musllinux_1_2_s390x.whl", hash = "sha256:1fdb36b940e9261aff0b5177c5b74a36936b902f473180f6c15bde26143681a9", size = 110089, upload-time = "2025-07-29T07:42:46.122Z" },
    { url = "https://pypi.tuna.tsinghua.edu.cn/packages/3b/a2/d20f3f5c95e9c511806686c70d0a15479cc3941c5f322061697af1c1ff70/mmh3-5.2.0-cp313-cp313-musllinux_1_2_x86_64.whl", hash = "sha256:7303aab41e97adcf010a09efd8f1403e719e59b7705d5e3cfed3dd7571589290", size = 97571, upload-time = "2025-07-29T07:42:47.18Z" },
    { url = "https://pypi.tuna.tsinghua.edu.cn/packages/7b/23/665296fce4f33488deec39a750ffd245cfc07aafb0e3ef37835f91775d14/mmh3-5.2.0-cp313-cp313-win32.whl", hash = "sha256:03e08c6ebaf666ec1e3d6ea657a2d363bb01effd1a9acfe41f9197decaef0051", size = 40806, upload-time = "2025-07-29T07:42:48.166Z" },
    { url = "https://pypi.tuna.tsinghua.edu.cn/packages/59/b0/92e7103f3b20646e255b699e2d0327ce53a3f250e44367a99dc8be0b7c7a/mmh3-5.2.0-cp313-cp313-win_amd64.whl", hash = "sha256:7fddccd4113e7b736706e17a239a696332360cbaddf25ae75b57ba1acce65081", size = 41600, upload-time = "2025-07-29T07:42:49.371Z" },
    { url = "https://pypi.tuna.tsinghua.edu.cn/packages/99/22/0b2bd679a84574647de538c5b07ccaa435dbccc37815067fe15b90fe8dad/mmh3-5.2.0-cp313-cp313-win_arm64.whl", hash = "sha256:fa0c966ee727aad5406d516375593c5f058c766b21236ab8985693934bb5085b", size = 39349, upload-time = "2025-07-29T07:42:50.268Z" },
    { url = "https://pypi.tuna.tsinghua.edu.cn/packages/f7/ca/a20db059a8a47048aaf550da14a145b56e9c7386fb8280d3ce2962dcebf7/mmh3-5.2.0-cp314-cp314-ios_13_0_arm64_iphoneos.whl", hash = "sha256:e5015f0bb6eb50008bed2d4b1ce0f2a294698a926111e4bb202c0987b4f89078", size = 39209, upload-time = "2025-07-29T07:42:51.559Z" },
    { url = "https://pypi.tuna.tsinghua.edu.cn/packages/98/dd/e5094799d55c7482d814b979a0fd608027d0af1b274bfb4c3ea3e950bfd5/mmh3-5.2.0-cp314-cp314-ios_13_0_arm64_iphonesimulator.whl", hash = "sha256:e0f3ed828d709f5b82d8bfe14f8856120718ec4bd44a5b26102c3030a1e12501", size = 39843, upload-time = "2025-07-29T07:42:52.536Z" },
    { url = "https://pypi.tuna.tsinghua.edu.cn/packages/f4/6b/7844d7f832c85400e7cc89a1348e4e1fdd38c5a38415bb5726bbb8fcdb6c/mmh3-5.2.0-cp314-cp314-ios_13_0_x86_64_iphonesimulator.whl", hash = "sha256:f35727c5118aba95f0397e18a1a5b8405425581bfe53e821f0fb444cbdc2bc9b", size = 40648, upload-time = "2025-07-29T07:42:53.392Z" },
    { url = "https://pypi.tuna.tsinghua.edu.cn/packages/1f/bf/71f791f48a21ff3190ba5225807cbe4f7223360e96862c376e6e3fb7efa7/mmh3-5.2.0-cp314-cp314-macosx_10_13_universal2.whl", hash = "sha256:3bc244802ccab5220008cb712ca1508cb6a12f0eb64ad62997156410579a1770", size = 56164, upload-time = "2025-07-29T07:42:54.267Z" },
    { url = "https://pypi.tuna.tsinghua.edu.cn/packages/70/1f/f87e3d34d83032b4f3f0f528c6d95a98290fcacf019da61343a49dccfd51/mmh3-5.2.0-cp314-cp314-macosx_10_13_x86_64.whl", hash = "sha256:ff3d50dc3fe8a98059f99b445dfb62792b5d006c5e0b8f03c6de2813b8376110", size = 40692, upload-time = "2025-07-29T07:42:55.234Z" },
    { url = "https://pypi.tuna.tsinghua.edu.cn/packages/a6/e2/db849eaed07117086f3452feca8c839d30d38b830ac59fe1ce65af8be5ad/mmh3-5.2.0-cp314-cp314-macosx_11_0_arm64.whl", hash = "sha256:37a358cc881fe796e099c1db6ce07ff757f088827b4e8467ac52b7a7ffdca647", size = 40068, upload-time = "2025-07-29T07:42:56.158Z" },
    { url = "https://pypi.tuna.tsinghua.edu.cn/packages/df/6b/209af927207af77425b044e32f77f49105a0b05d82ff88af6971d8da4e19/mmh3-5.2.0-cp314-cp314-manylinux1_i686.manylinux_2_28_i686.manylinux_2_5_i686.whl", hash = "sha256:b9a87025121d1c448f24f27ff53a5fe7b6ef980574b4a4f11acaabe702420d63", size = 97367, upload-time = "2025-07-29T07:42:57.037Z" },
    { url = "https://pypi.tuna.tsinghua.edu.cn/packages/ca/e0/78adf4104c425606a9ce33fb351f790c76a6c2314969c4a517d1ffc92196/mmh3-5.2.0-cp314-cp314-manylinux1_x86_64.manylinux_2_28_x86_64.manylinux_2_5_x86_64.whl", hash = "sha256:1ba55d6ca32eeef8b2625e1e4bfc3b3db52bc63014bd7e5df8cc11bf2b036b12", size = 103306, upload-time = "2025-07-29T07:42:58.522Z" },
    { url = "https://pypi.tuna.tsinghua.edu.cn/packages/a3/79/c2b89f91b962658b890104745b1b6c9ce38d50a889f000b469b91eeb1b9e/mmh3-5.2.0-cp314-cp314-manylinux2014_aarch64.manylinux_2_17_aarch64.manylinux_2_28_aarch64.whl", hash = "sha256:c9ff37ba9f15637e424c2ab57a1a590c52897c845b768e4e0a4958084ec87f22", size = 106312, upload-time = "2025-07-29T07:42:59.552Z" },
    { url = "https://pypi.tuna.tsinghua.edu.cn/packages/4b/14/659d4095528b1a209be90934778c5ffe312177d51e365ddcbca2cac2ec7c/mmh3-5.2.0-cp314-cp314-manylinux2014_ppc64le.manylinux_2_17_ppc64le.manylinux_2_28_ppc64le.whl", hash = "sha256:a094319ec0db52a04af9fdc391b4d39a1bc72bc8424b47c4411afb05413a44b5", size = 113135, upload-time = "2025-07-29T07:43:00.745Z" },
    { url = "https://pypi.tuna.tsinghua.edu.cn/packages/8d/6f/cd7734a779389a8a467b5c89a48ff476d6f2576e78216a37551a97e9e42a/mmh3-5.2.0-cp314-cp314-manylinux2014_s390x.manylinux_2_17_s390x.manylinux_2_28_s390x.whl", hash = "sha256:c5584061fd3da584659b13587f26c6cad25a096246a481636d64375d0c1f6c07", size = 120775, upload-time = "2025-07-29T07:43:02.124Z" },
    { url = "https://pypi.tuna.tsinghua.edu.cn/packages/1d/ca/8256e3b96944408940de3f9291d7e38a283b5761fe9614d4808fcf27bd62/mmh3-5.2.0-cp314-cp314-musllinux_1_2_aarch64.whl", hash = "sha256:ecbfc0437ddfdced5e7822d1ce4855c9c64f46819d0fdc4482c53f56c707b935", size = 99178, upload-time = "2025-07-29T07:43:03.182Z" },
    { url = "https://pypi.tuna.tsinghua.edu.cn/packages/8a/32/39e2b3cf06b6e2eb042c984dab8680841ac2a0d3ca6e0bea30db1f27b565/mmh3-5.2.0-cp314-cp314-musllinux_1_2_i686.whl", hash = "sha256:7b986d506a8e8ea345791897ba5d8ba0d9d8820cd4fc3e52dbe6de19388de2e7", size = 98738, upload-time = "2025-07-29T07:43:04.207Z" },
    { url = "https://pypi.tuna.tsinghua.edu.cn/packages/61/d3/7bbc8e0e8cf65ebbe1b893ffa0467b7ecd1bd07c3bbf6c9db4308ada22ec/mmh3-5.2.0-cp314-cp314-musllinux_1_2_ppc64le.whl", hash = "sha256:38d899a156549da8ef6a9f1d6f7ef231228d29f8f69bce2ee12f5fba6d6fd7c5", size = 106510, upload-time = "2025-07-29T07:43:05.656Z" },
    { url = "https://pypi.tuna.tsinghua.edu.cn/packages/10/99/b97e53724b52374e2f3859046f0eb2425192da356cb19784d64bc17bb1cf/mmh3-5.2.0-cp314-cp314-musllinux_1_2_s390x.whl", hash = "sha256:d86651fa45799530885ba4dab3d21144486ed15285e8784181a0ab37a4552384", size = 110053, upload-time = "2025-07-29T07:43:07.204Z" },
    { url = "https://pypi.tuna.tsinghua.edu.cn/packages/ac/62/3688c7d975ed195155671df68788c83fed6f7909b6ec4951724c6860cb97/mmh3-5.2.0-cp314-cp314-musllinux_1_2_x86_64.whl", hash = "sha256:c463d7c1c4cfc9d751efeaadd936bbba07b5b0ed81a012b3a9f5a12f0872bd6e", size = 97546, upload-time = "2025-07-29T07:43:08.226Z" },
    { url = "https://pypi.tuna.tsinghua.edu.cn/packages/ca/3b/c6153250f03f71a8b7634cded82939546cdfba02e32f124ff51d52c6f991/mmh3-5.2.0-cp314-cp314-win32.whl", hash = "sha256:bb4fe46bdc6104fbc28db7a6bacb115ee6368ff993366bbd8a2a7f0076e6f0c0", size = 41422, upload-time = "2025-07-29T07:43:09.216Z" },
    { url = "https://pypi.tuna.tsinghua.edu.cn/packages/74/01/a27d98bab083a435c4c07e9d1d720d4c8a578bf4c270bae373760b1022be/mmh3-5.2.0-cp314-cp314-win_amd64.whl", hash = "sha256:7c7f0b342fd06044bedd0b6e72177ddc0076f54fd89ee239447f8b271d919d9b", size = 42135, upload-time = "2025-07-29T07:43:10.183Z" },
    { url = "https://pypi.tuna.tsinghua.edu.cn/packages/cb/c9/dbba5507e95429b8b380e2ba091eff5c20a70a59560934dff0ad8392b8c8/mmh3-5.2.0-cp314-cp314-win_arm64.whl", hash = "sha256:3193752fc05ea72366c2b63ff24b9a190f422e32d75fdeae71087c08fff26115", size = 39879, upload-time = "2025-07-29T07:43:11.106Z" },
    { url = "https://pypi.tuna.tsinghua.edu.cn/packages/b5/d1/c8c0ef839c17258b9de41b84f663574fabcf8ac2007b7416575e0f65ff6e/mmh3-5.2.0-cp314-cp314t-macosx_10_13_universal2.whl", hash = "sha256:69fc339d7202bea69ef9bd7c39bfdf9fdabc8e6822a01eba62fb43233c1b3932", size = 57696, upload-time = "2025-07-29T07:43:11.989Z" },
    { url = "https://pypi.tuna.tsinghua.edu.cn/packages/2f/55/95e2b9ff201e89f9fe37036037ab61a6c941942b25cdb7b6a9df9b931993/mmh3-5.2.0-cp314-cp314t-macosx_10_13_x86_64.whl", hash = "sha256:12da42c0a55c9d86ab566395324213c319c73ecb0c239fad4726324212b9441c", size = 41421, upload-time = "2025-07-29T07:43:13.269Z" },
    { url = "https://pypi.tuna.tsinghua.edu.cn/packages/77/79/9be23ad0b7001a4b22752e7693be232428ecc0a35068a4ff5c2f14ef8b20/mmh3-5.2.0-cp314-cp314t-macosx_11_0_arm64.whl", hash = "sha256:f7f9034c7cf05ddfaac8d7a2e63a3c97a840d4615d0a0e65ba8bdf6f8576e3be", size = 40853, upload-time = "2025-07-29T07:43:14.888Z" },
    { url = "https://pypi.tuna.tsinghua.edu.cn/packages/ac/1b/96b32058eda1c1dee8264900c37c359a7325c1f11f5ff14fd2be8e24eff9/mmh3-5.2.0-cp314-cp314t-manylinux1_i686.manylinux_2_28_i686.manylinux_2_5_i686.whl", hash = "sha256:11730eeb16dfcf9674fdea9bb6b8e6dd9b40813b7eb839bc35113649eef38aeb", size = 109694, upload-time = "2025-07-29T07:43:15.816Z" },
    { url = "https://pypi.tuna.tsinghua.edu.cn/packages/8d/6f/a2ae44cd7dad697b6dea48390cbc977b1e5ca58fda09628cbcb2275af064/mmh3-5.2.0-cp314-cp314t-manylinux1_x86_64.manylinux_2_28_x86_64.manylinux_2_5_x86_64.whl", hash = "sha256:932a6eec1d2e2c3c9e630d10f7128d80e70e2d47fe6b8c7ea5e1afbd98733e65", size = 117438, upload-time = "2025-07-29T07:43:16.865Z" },
    { url = "https://pypi.tuna.tsinghua.edu.cn/packages/a0/08/bfb75451c83f05224a28afeaf3950c7b793c0b71440d571f8e819cfb149a/mmh3-5.2.0-cp314-cp314t-manylinux2014_aarch64.manylinux_2_17_aarch64.manylinux_2_28_aarch64.whl", hash = "sha256:3ca975c51c5028947bbcfc24966517aac06a01d6c921e30f7c5383c195f87991", size = 120409, upload-time = "2025-07-29T07:43:18.207Z" },
    { url = "https://pypi.tuna.tsinghua.edu.cn/packages/9f/ea/8b118b69b2ff8df568f742387d1a159bc654a0f78741b31437dd047ea28e/mmh3-5.2.0-cp314-cp314t-manylinux2014_ppc64le.manylinux_2_17_ppc64le.manylinux_2_28_ppc64le.whl", hash = "sha256:5b0b58215befe0f0e120b828f7645e97719bbba9f23b69e268ed0ac7adde8645", size = 125909, upload-time = "2025-07-29T07:43:19.39Z" },
    { url = "https://pypi.tuna.tsinghua.edu.cn/packages/3e/11/168cc0b6a30650032e351a3b89b8a47382da541993a03af91e1ba2501234/mmh3-5.2.0-cp314-cp314t-manylinux2014_s390x.manylinux_2_17_s390x.manylinux_2_28_s390x.whl", hash = "sha256:29c2b9ce61886809d0492a274a5a53047742dea0f703f9c4d5d223c3ea6377d3", size = 135331, upload-time = "2025-07-29T07:43:20.435Z" },
    { url = "https://pypi.tuna.tsinghua.edu.cn/packages/31/05/e3a9849b1c18a7934c64e831492c99e67daebe84a8c2f2c39a7096a830e3/mmh3-5.2.0-cp314-cp314t-musllinux_1_2_aarch64.whl", hash = "sha256:a367d4741ac0103f8198c82f429bccb9359f543ca542b06a51f4f0332e8de279", size = 110085, upload-time = "2025-07-29T07:43:21.92Z" },
    { url = "https://pypi.tuna.tsinghua.edu.cn/packages/d9/d5/a96bcc306e3404601418b2a9a370baec92af84204528ba659fdfe34c242f/mmh3-5.2.0-cp314-cp314t-musllinux_1_2_i686.whl", hash = "sha256:5a5dba98e514fb26241868f6eb90a7f7ca0e039aed779342965ce24ea32ba513", size = 111195, upload-time = "2025-07-29T07:43:23.066Z" },
    { url = "https://pypi.tuna.tsinghua.edu.cn/packages/af/29/0fd49801fec5bff37198684e0849b58e0dab3a2a68382a357cfffb0fafc3/mmh3-5.2.0-cp314-cp314t-musllinux_1_2_ppc64le.whl", hash = "sha256:941603bfd75a46023807511c1ac2f1b0f39cccc393c15039969806063b27e6db", size = 116919, upload-time = "2025-07-29T07:43:24.178Z" },
    { url = "https://pypi.tuna.tsinghua.edu.cn/packages/2d/04/4f3c32b0a2ed762edca45d8b46568fc3668e34f00fb1e0a3b5451ec1281c/mmh3-5.2.0-cp314-cp314t-musllinux_1_2_s390x.whl", hash = "sha256:132dd943451a7c7546978863d2f5a64977928410782e1a87d583cb60eb89e667", size = 123160, upload-time = "2025-07-29T07:43:25.26Z" },
    { url = "https://pypi.tuna.tsinghua.edu.cn/packages/91/76/3d29eaa38821730633d6a240d36fa8ad2807e9dfd432c12e1a472ed211eb/mmh3-5.2.0-cp314-cp314t-musllinux_1_2_x86_64.whl", hash = "sha256:f698733a8a494466432d611a8f0d1e026f5286dee051beea4b3c3146817e35d5", size = 110206, upload-time = "2025-07-29T07:43:26.699Z" },
    { url = "https://pypi.tuna.tsinghua.edu.cn/packages/44/1c/ccf35892684d3a408202e296e56843743e0b4fb1629e59432ea88cdb3909/mmh3-5.2.0-cp314-cp314t-win32.whl", hash = "sha256:6d541038b3fc360ec538fc116de87462627944765a6750308118f8b509a8eec7", size = 41970, upload-time = "2025-07-29T07:43:27.666Z" },
    { url = "https://pypi.tuna.tsinghua.edu.cn/packages/75/b2/b9e4f1e5adb5e21eb104588fcee2cd1eaa8308255173481427d5ecc4284e/mmh3-5.2.0-cp314-cp314t-win_amd64.whl", hash = "sha256:e912b19cf2378f2967d0c08e86ff4c6c360129887f678e27e4dde970d21b3f4d", size = 43063, upload-time = "2025-07-29T07:43:28.582Z" },
    { url = "https://pypi.tuna.tsinghua.edu.cn/packages/6a/fc/0e61d9a4e29c8679356795a40e48f647b4aad58d71bfc969f0f8f56fb912/mmh3-5.2.0-cp314-cp314t-win_arm64.whl", hash = "sha256:e7884931fe5e788163e7b3c511614130c2c59feffdc21112290a194487efb2e9", size = 40455, upload-time = "2025-07-29T07:43:29.563Z" },
]
